
Microsoft Visual Studio Solution File, Format Version 12.00
# Visual Studio Version 17
VisualStudioVersion = 17.14.36915.13 d17.14
MinimumVisualStudioVersion = 10.0.40219.1
Project("{FAE04EC0-301F-11D3-BF4B-00C04F79EFBC}") = "摩斯密碼轉換器", "摩斯密碼轉換器\摩斯密碼轉換器.csproj", "{7EBC11A1-86E1-416A-93AB-DBDAE560E4FC}"
EndProject
Global
	GlobalSection(SolutionConfigurationPlatforms) = preSolution
		Debug|Any CPU = Debug|Any CPU
		Release|Any CPU = Release|Any CPU
	EndGlobalSection
	GlobalSection(ProjectConfigurationPlatforms) = postSolution
		{7EBC11A1-86E1-416A-93AB-DBDAE560E4FC}.Debug|Any CPU.ActiveCfg = Debug|Any CPU
		{7EBC11A1-86E1-416A-93AB-DBDAE560E4FC}.Debug|Any CPU.Build.0 = Debug|Any CPU
		{7EBC11A1-86E1-416A-93AB-DBDAE560E4FC}.Release|Any CPU.ActiveCfg = Release|Any CPU
		{7EBC11A1-86E1-416A-93AB-DBDAE560E4FC}.Release|Any CPU.Build.0 = Release|Any CPU
	EndGlobalSection
	GlobalSection(SolutionProperties) = preSolution
		HideSolutionNode = FALSE
	EndGlobalSection
	GlobalSection(ExtensibilityGlobals) = postSolution
		SolutionGuid = {0BDB7CE2-23AB-4A55-B900-92C2A1E89347}
	EndGlobalSection
EndGlobal
