
Microsoft Visual Studio Solution File, Format Version 12.00
# Visual Studio Version 17
VisualStudioVersion = 17.14.36915.13 d17.14
MinimumVisualStudioVersion = 10.0.40219.1
Project("{FAE04EC0-301F-11D3-BF4B-00C04F79EFBC}") = "WindowsFormsApp1", "WindowsFormsApp1\WindowsFormsApp1.csproj", "{4599CA0D-699A-4020-9068-859746EC9CC2}"
EndProject
Global
	GlobalSection(SolutionConfigurationPlatforms) = preSolution
		Debug|Any CPU = Debug|Any CPU
		Release|Any CPU = Release|Any CPU
	EndGlobalSection
	GlobalSection(ProjectConfigurationPlatforms) = postSolution
		{4599CA0D-699A-4020-9068-859746EC9CC2}.Debug|Any CPU.ActiveCfg = Debug|Any CPU
		{4599CA0D-699A-4020-9068-859746EC9CC2}.Debug|Any CPU.Build.0 = Debug|Any CPU
		{4599CA0D-699A-4020-9068-859746EC9CC2}.Release|Any CPU.ActiveCfg = Release|Any CPU
		{4599CA0D-699A-4020-9068-859746EC9CC2}.Release|Any CPU.Build.0 = Release|Any CPU
	EndGlobalSection
	GlobalSection(SolutionProperties) = preSolution
		HideSolutionNode = FALSE
	EndGlobalSection
	GlobalSection(ExtensibilityGlobals) = postSolution
		SolutionGuid = {8090312A-4B56-439B-BF50-28F02DFB44DE}
	EndGlobalSection
EndGlobal
